{
  "lockfileVersion": 1,
  "configVersion": 1,
  "workspaces": {
    "": {
      "name": "prsk-discord.js",
      "dependencies": {
        "@discordjs/voice": "^0.17.0",
        "discord.js": "^14.16.3",
        "dotenv": "^16.4.7",
        "next": "^15.3.4",
        "node-edge-tts": "^1.2.10",
        "react": "^19.1.0",
        "react-dom": "^19.1.0",
        "sodium-native": "^4.1.2",
      },
      "devDependencies": {
        "@types/node": "^22.10.0",
        "@types/react": "^19.1.0",
        "concurrently": "^9.1.2",
        "tsx": "^4.19.0",
        "typescript": "^5.7.0",
      },
    },
  },
  "packages": {
    "@discordjs/builders": ["@discordjs/builders@1.14.1", "", { "dependencies": { "@discordjs/formatters": "^0.6.2", "@discordjs/util": "^1.2.0", "@sapphire/shapeshift": "^4.0.0", "discord-api-types": "^0.38.40", "fast-deep-equal": "^3.1.3", "ts-mixer": "^6.0.4", "tslib": "^2.6.3" } }, "sha512-gSKkhXLqs96TCzk66VZuHHl8z2bQMJFGwrXC0f33ngK+FLNau4hU1PYny3DNJfNdSH+gVMzE85/d5FQ2BpcNwQ=="],

    "@discordjs/collection": ["@discordjs/collection@1.5.3", "", {}, "sha512-SVb428OMd3WO1paV3rm6tSjM4wC+Kecaa1EUGX7vc6/fddvw/6lg90z4QtCqm21zvVe92vMMDt9+DkIvjXImQQ=="],

    "@discordjs/formatters": ["@discordjs/formatters@0.6.2", "", { "dependencies": { "discord-api-types": "^0.38.33" } }, "sha512-y4UPwWhH6vChKRkGdMB4odasUbHOUwy7KL+OVwF86PvT6QVOwElx+TiI1/6kcmcEe+g5YRXJFiXSXUdabqZOvQ=="],

    "@discordjs/rest": ["@discordjs/rest@2.6.3", "", { "dependencies": { "@discordjs/collection": "^2.1.1", "@discordjs/util": "^1.2.0", "@sapphire/async-queue": "^1.5.3", "@sapphire/snowflake": "^3.5.5", "@vladfrangu/async_event_emitter": "^2.4.6", "discord-api-types": "^0.38.50", "magic-bytes.js": "^1.13.0", "tslib": "^2.6.3", "undici": "^6.27.0" } }, "sha512-wvOylxNYJkwKjctS/Mn5GP1w9r3/rzyH+ThD1JlAca6zEdlHs8QWBBUQJpU5Q+W6DoIj/Ljh1IPlZs7hTU+UAg=="],

    "@discordjs/util": ["@discordjs/util@1.2.0", "", { "dependencies": { "discord-api-types": "^0.38.33" } }, "sha512-3LKP7F2+atl9vJFhaBjn4nOaSWahZ/yWjOvA4e5pnXkt2qyXRCHLxoBQy81GFtLGCq7K9lPm9R517M1U+/90Qg=="],

    "@discordjs/voice": ["@discordjs/voice@0.17.0", "", { "dependencies": { "@types/ws": "^8.5.10", "discord-api-types": "0.37.83", "prism-media": "^1.3.5", "tslib": "^2.6.2", "ws": "^8.16.0" } }, "sha512-hArn9FF5ZYi1IkxdJEVnJi+OxlwLV0NJYWpKXsmNOojtGtAZHxmsELA+MZlu2KW1F/K1/nt7lFOfcMXNYweq9w=="],

    "@discordjs/ws": ["@discordjs/ws@1.2.3", "", { "dependencies": { "@discordjs/collection": "^2.1.0", "@discordjs/rest": "^2.5.1", "@discordjs/util": "^1.1.0", "@sapphire/async-queue": "^1.5.2", "@types/ws": "^8.5.10", "@vladfrangu/async_event_emitter": "^2.2.4", "discord-api-types": "^0.38.1", "tslib": "^2.6.2", "ws": "^8.17.0" } }, "sha512-wPlQDxEmlDg5IxhJPuxXr3Vy9AjYq5xCvFWGJyD7w7Np8ZGu+Mc+97LCoEc/+AYCo2IDpKioiH0/c/mj5ZR9Uw=="],

    "@emnapi/runtime": ["@emnapi/runtime@1.11.2", "", { "dependencies": { "tslib": "^2.4.0" } }, "sha512-kyOl3X0DuTiT1h2ft8r2fYO8JYtU9a9Xis/zBSiGArNaagCOWx90N1k2wxp18czFDH+OgcWGb5ZP/XMt3dcyPA=="],

    "@esbuild/aix-ppc64": ["@esbuild/aix-ppc64@0.28.1", "", { "os": "aix", "cpu": "ppc64" }, "sha512-Svl7tq8k/08+p6CXPpRjQ1fKX+1odH/BQbb48fV6fj3CWHhsoIOoY87w1oHXm0qEpkIK3ZfVgp0hed3XBXzXMQ=="],

    "@esbuild/android-arm": ["@esbuild/android-arm@0.28.1", "", { "os": "android", "cpu": "arm" }, "sha512-0k2F129Xdio1TdJfzJ8sy1Q47vUD2NnwdhiAf7drUN1EBTfPf4hsFCtmMgu/6m8JSzsBrlmVjudMBQqOfG8usQ=="],

    "@esbuild/android-arm64": ["@esbuild/android-arm64@0.28.1", "", { "os": "android", "cpu": "arm64" }, "sha512-34EGEbCIAgosYz6goLcopX6Mo7NyGv9tfwEM2/7Ce2VcVRk568iSvniGWcUXIy7wEDR1wzolcxcriFVrWYcwBg=="],

    "@esbuild/android-x64": ["@esbuild/android-x64@0.28.1", "", { "os": "android", "cpu": "x64" }, "sha512-dbwY7ltSMDWsRatcRpCnES4F+im88OCUgGZjy52shC7GqHRE/cYlxNbB4Z4UpJswpcc4Qxd2oE/ufM0p61IKng=="],

    "@esbuild/darwin-arm64": ["@esbuild/darwin-arm64@0.28.1", "", { "os": "darwin", "cpu": "arm64" }, "sha512-TZbWkQY7kvTAXbXUT7uVACR5cMHsDiSz9z7ZKAX/RTq/WJEk3QyRr0wZpNhBDX+/0CtdqUIJlOiodQcta6tY3Q=="],

    "@esbuild/darwin-x64": ["@esbuild/darwin-x64@0.28.1", "", { "os": "darwin", "cpu": "x64" }, "sha512-zfdzgK9ACBNZLI/CyHTOx81SyNbM6YXn7rxSgX97VjyiPl9W1i4Ka4fgKECEoFCKGpvBj5qArWIGgQjOwkgskQ=="],

    "@esbuild/freebsd-arm64": ["@esbuild/freebsd-arm64@0.28.1", "", { "os": "freebsd", "cpu": "arm64" }, "sha512-wG2EA8ENdEI0qhkSZMjfqrdY+ziCYCPMmtZjjIwOmXFjmyzEHn+UUxk5of+SYsjtfs3VpnlC7QLzSI5hY/rOAw=="],

    "@esbuild/freebsd-x64": ["@esbuild/freebsd-x64@0.28.1", "", { "os": "freebsd", "cpu": "x64" }, "sha512-i7dZ9vQgnvSCzi/rYCXNgtF/U+eKZNJBzu3eTQbRgHnM7tNSizLOkRFAl3qzVc/Op/u5YkHHa4pf/3DOYHthLQ=="],

    "@esbuild/linux-arm": ["@esbuild/linux-arm@0.28.1", "", { "os": "linux", "cpu": "arm" }, "sha512-qVXBOHQS+d5Y722GwJzJUtOLlX7km3CraOaGormF1pDtPd2C/l1SHRPgjLunLGe51Sh5YYWKMFDyV4SxgMQYTQ=="],

    "@esbuild/linux-arm64": ["@esbuild/linux-arm64@0.28.1", "", { "os": "linux", "cpu": "arm64" }, "sha512-yHs+0uc8+nvEAfAfxrWQKK5peSNzBc4PegcMO0EJ2hT71uA7vB8Ihg2e77R2P7SG5uYjPbHlLLmve4LLLRCf0g=="],

    "@esbuild/linux-ia32": ["@esbuild/linux-ia32@0.28.1", "", { "os": "linux", "cpu": "ia32" }, "sha512-d1z4ZuP0ajrfz/FhGT4vv278rX8KnPPJx8i5+AtK7TYbx9Le9F1hyzurZpkEyjkGa9dUGhQow4C1NmeGvqxN2w=="],

    "@esbuild/linux-loong64": ["@esbuild/linux-loong64@0.28.1", "", { "os": "linux", "cpu": "none" }, "sha512-M5sRjUVZrkm1OAPR3dlOYzNmN+loZKGVi1VUQGrwuqLcbR6qeAz+famMhjASeH3YVKvZz+zT1jlh/keC3Rj/lg=="],

    "@esbuild/linux-mips64el": ["@esbuild/linux-mips64el@0.28.1", "", { "os": "linux", "cpu": "none" }, "sha512-mRObBZeHh2OxcBFPWE/FjylkRgZdYuiTR3vaTozquCGOH14iP9oN4x4Ge81CoIDYQrXmIxpFumJBu5MtZpnQJQ=="],

    "@esbuild/linux-ppc64": ["@esbuild/linux-ppc64@0.28.1", "", { "os": "linux", "cpu": "ppc64" }, "sha512-slScBsMAb3GFDcdrCgLwZtPYRoH2H/youv10QiZyRjmsP48fznoveWytSgCI/R0ZcUgpc0ZhIUEx6LHts8yrfQ=="],

    "@esbuild/linux-riscv64": ["@esbuild/linux-riscv64@0.28.1", "", { "os": "linux", "cpu": "none" }, "sha512-kw0owk1o0GFETUJyW0jc0G4Yzs0BHZn0JDZ8JRT088vjJYX777BAs1fDGxAC+q831qOs2DTC96mNsG2opdfyyQ=="],

    "@esbuild/linux-s390x": ["@esbuild/linux-s390x@0.28.1", "", { "os": "linux", "cpu": "s390x" }, "sha512-/lAIjX8aYFRByhh6L5rYtPEDRqa9de/4V/juOXcta5frjvzXO4/sqEtyytse0g3zZFuWu5cDN0MkLz2qRDD2Ag=="],

    "@esbuild/linux-x64": ["@esbuild/linux-x64@0.28.1", "", { "os": "linux", "cpu": "x64" }, "sha512-u/anNYF2mmVOEDwLtnQ1wOr3EZ9sTNGLWrsYGYwHWzGA3Si84IOkHXlbWTD1NB+9/1lcnweYKO54uhxZydNzfA=="],

    "@esbuild/netbsd-arm64": ["@esbuild/netbsd-arm64@0.28.1", "", { "os": "none", "cpu": "arm64" }, "sha512-oks0DYbLwWMmaakTsCb+zL4E+aHRVLom9IJZOAthMQEPiQmydXHkziYEsGYRx0uNV/IjEKGAV941JzH02pflqw=="],

    "@esbuild/netbsd-x64": ["@esbuild/netbsd-x64@0.28.1", "", { "os": "none", "cpu": "x64" }, "sha512-aeL6lAnN89Hz43Mlh1G8ARasbuoYvSITDEx0tHh5b7jJnHcssqgjy9Yx430GDpmCa6OyrKoS0aNRjKundRizGg=="],

    "@esbuild/openbsd-arm64": ["@esbuild/openbsd-arm64@0.28.1", "", { "os": "openbsd", "cpu": "arm64" }, "sha512-MEFJe5C3R8pwXdZ5Y21oo6m7ePiS0d9pWucn99O/wvyJZChoIQKrQDxKrGeW8F5+T0okTHesAmDeiHDTIq0V/Q=="],

    "@esbuild/openbsd-x64": ["@esbuild/openbsd-x64@0.28.1", "", { "os": "openbsd", "cpu": "x64" }, "sha512-i/ZLIOafE0Z8cI/XANJAixoJL/uRAoS2xOA3rb0xN+KK0K177cMAsQYkzHtBrtMXAKuAc7HGgcWiZ/sRC1Nxgw=="],

    "@esbuild/openharmony-arm64": ["@esbuild/openharmony-arm64@0.28.1", "", { "os": "none", "cpu": "arm64" }, "sha512-ge+Z7EXFNt2BO1oAMsVpiQ8EwndV9i1xXerAeTIK7AtPs3bKFXQM7nlRxDSIUIMeueR1CNXxqztLzdNeReKBJg=="],

    "@esbuild/sunos-x64": ["@esbuild/sunos-x64@0.28.1", "", { "os": "sunos", "cpu": "x64" }, "sha512-BEjgtECkL3vY+SaSQ6nzVfiALUeFxpawyp8Jmf5PtYhf1Ug40N1h/hxlhts+f1FvSvarEigdxS3BlSMI2PJLcQ=="],

    "@esbuild/win32-arm64": ["@esbuild/win32-arm64@0.28.1", "", { "os": "win32", "cpu": "arm64" }, "sha512-lCv9eK/H6ZJWbE7bh2nw54CZ9M2nupBxJcTsdk/QQnWkdSjKGuxmmH8/GWrlT1eMmZfn4dGcCjRte397WqfQXA=="],

    "@esbuild/win32-ia32": ["@esbuild/win32-ia32@0.28.1", "", { "os": "win32", "cpu": "ia32" }, "sha512-zvb/mB2bSCoJOpoCBgYKKpX6YM6mJBlBUVUtVj41DlZJVEB6/0CKlRYxP5wWl1C1ILiCoAU5wZZ4q1P3qeS6Eg=="],

    "@esbuild/win32-x64": ["@esbuild/win32-x64@0.28.1", "", { "os": "win32", "cpu": "x64" }, "sha512-bm4Mowrv+GXMlpWX++EcXw/iLyd1o3+bJkC2DkWXYVvgZCqD/bSj9ctZeAMC3cIxgjRVR2Dufaiu4YPxr5gW1A=="],

    "@img/colour": ["@img/colour@1.1.0", "", {}, "sha512-Td76q7j57o/tLVdgS746cYARfSyxk8iEfRxewL9h4OMzYhbW4TAcppl0mT4eyqXddh6L/jwoM75mo7ixa/pCeQ=="],

    "@img/sharp-darwin-arm64": ["@img/sharp-darwin-arm64@0.34.5", "", { "optionalDependencies": { "@img/sharp-libvips-darwin-arm64": "1.2.4" }, "os": "darwin", "cpu": "arm64" }, "sha512-imtQ3WMJXbMY4fxb/Ndp6HBTNVtWCUI0WdobyheGf5+ad6xX8VIDO8u2xE4qc/fr08CKG/7dDseFtn6M6g/r3w=="],

    "@img/sharp-darwin-x64": ["@img/sharp-darwin-x64@0.34.5", "", { "optionalDependencies": { "@img/sharp-libvips-darwin-x64": "1.2.4" }, "os": "darwin", "cpu": "x64" }, "sha512-YNEFAF/4KQ/PeW0N+r+aVVsoIY0/qxxikF2SWdp+NRkmMB7y9LBZAVqQ4yhGCm/H3H270OSykqmQMKLBhBJDEw=="],

    "@img/sharp-libvips-darwin-arm64": ["@img/sharp-libvips-darwin-arm64@1.2.4", "", { "os": "darwin", "cpu": "arm64" }, "sha512-zqjjo7RatFfFoP0MkQ51jfuFZBnVE2pRiaydKJ1G/rHZvnsrHAOcQALIi9sA5co5xenQdTugCvtb1cuf78Vf4g=="],

    "@img/sharp-libvips-darwin-x64": ["@img/sharp-libvips-darwin-x64@1.2.4", "", { "os": "darwin", "cpu": "x64" }, "sha512-1IOd5xfVhlGwX+zXv2N93k0yMONvUlANylbJw1eTah8K/Jtpi15KC+WSiaX/nBmbm2HxRM1gZ0nSdjSsrZbGKg=="],

    "@img/sharp-libvips-linux-arm": ["@img/sharp-libvips-linux-arm@1.2.4", "", { "os": "linux", "cpu": "arm" }, "sha512-bFI7xcKFELdiNCVov8e44Ia4u2byA+l3XtsAj+Q8tfCwO6BQ8iDojYdvoPMqsKDkuoOo+X6HZA0s0q11ANMQ8A=="],

    "@img/sharp-libvips-linux-arm64": ["@img/sharp-libvips-linux-arm64@1.2.4", "", { "os": "linux", "cpu": "arm64" }, "sha512-excjX8DfsIcJ10x1Kzr4RcWe1edC9PquDRRPx3YVCvQv+U5p7Yin2s32ftzikXojb1PIFc/9Mt28/y+iRklkrw=="],

    "@img/sharp-libvips-linux-ppc64": ["@img/sharp-libvips-linux-ppc64@1.2.4", "", { "os": "linux", "cpu": "ppc64" }, "sha512-FMuvGijLDYG6lW+b/UvyilUWu5Ayu+3r2d1S8notiGCIyYU/76eig1UfMmkZ7vwgOrzKzlQbFSuQfgm7GYUPpA=="],

    "@img/sharp-libvips-linux-riscv64": ["@img/sharp-libvips-linux-riscv64@1.2.4", "", { "os": "linux", "cpu": "none" }, "sha512-oVDbcR4zUC0ce82teubSm+x6ETixtKZBh/qbREIOcI3cULzDyb18Sr/Wcyx7NRQeQzOiHTNbZFF1UwPS2scyGA=="],

    "@img/sharp-libvips-linux-s390x": ["@img/sharp-libvips-linux-s390x@1.2.4", "", { "os": "linux", "cpu": "s390x" }, "sha512-qmp9VrzgPgMoGZyPvrQHqk02uyjA0/QrTO26Tqk6l4ZV0MPWIW6LTkqOIov+J1yEu7MbFQaDpwdwJKhbJvuRxQ=="],

    "@img/sharp-libvips-linux-x64": ["@img/sharp-libvips-linux-x64@1.2.4", "", { "os": "linux", "cpu": "x64" }, "sha512-tJxiiLsmHc9Ax1bz3oaOYBURTXGIRDODBqhveVHonrHJ9/+k89qbLl0bcJns+e4t4rvaNBxaEZsFtSfAdquPrw=="],

    "@img/sharp-libvips-linuxmusl-arm64": ["@img/sharp-libvips-linuxmusl-arm64@1.2.4", "", { "os": "linux", "cpu": "arm64" }, "sha512-FVQHuwx1IIuNow9QAbYUzJ+En8KcVm9Lk5+uGUQJHaZmMECZmOlix9HnH7n1TRkXMS0pGxIJokIVB9SuqZGGXw=="],

    "@img/sharp-libvips-linuxmusl-x64": ["@img/sharp-libvips-linuxmusl-x64@1.2.4", "", { "os": "linux", "cpu": "x64" }, "sha512-+LpyBk7L44ZIXwz/VYfglaX/okxezESc6UxDSoyo2Ks6Jxc4Y7sGjpgU9s4PMgqgjj1gZCylTieNamqA1MF7Dg=="],

    "@img/sharp-linux-arm": ["@img/sharp-linux-arm@0.34.5", "", { "optionalDependencies": { "@img/sharp-libvips-linux-arm": "1.2.4" }, "os": "linux", "cpu": "arm" }, "sha512-9dLqsvwtg1uuXBGZKsxem9595+ujv0sJ6Vi8wcTANSFpwV/GONat5eCkzQo/1O6zRIkh0m/8+5BjrRr7jDUSZw=="],

    "@img/sharp-linux-arm64": ["@img/sharp-linux-arm64@0.34.5", "", { "optionalDependencies": { "@img/sharp-libvips-linux-arm64": "1.2.4" }, "os": "linux", "cpu": "arm64" }, "sha512-bKQzaJRY/bkPOXyKx5EVup7qkaojECG6NLYswgktOZjaXecSAeCWiZwwiFf3/Y+O1HrauiE3FVsGxFg8c24rZg=="],

    "@img/sharp-linux-ppc64": ["@img/sharp-linux-ppc64@0.34.5", "", { "optionalDependencies": { "@img/sharp-libvips-linux-ppc64": "1.2.4" }, "os": "linux", "cpu": "ppc64" }, "sha512-7zznwNaqW6YtsfrGGDA6BRkISKAAE1Jo0QdpNYXNMHu2+0dTrPflTLNkpc8l7MUP5M16ZJcUvysVWWrMefZquA=="],

    "@img/sharp-linux-riscv64": ["@img/sharp-linux-riscv64@0.34.5", "", { "optionalDependencies": { "@img/sharp-libvips-linux-riscv64": "1.2.4" }, "os": "linux", "cpu": "none" }, "sha512-51gJuLPTKa7piYPaVs8GmByo7/U7/7TZOq+cnXJIHZKavIRHAP77e3N2HEl3dgiqdD/w0yUfiJnII77PuDDFdw=="],

    "@img/sharp-linux-s390x": ["@img/sharp-linux-s390x@0.34.5", "", { "optionalDependencies": { "@img/sharp-libvips-linux-s390x": "1.2.4" }, "os": "linux", "cpu": "s390x" }, "sha512-nQtCk0PdKfho3eC5MrbQoigJ2gd1CgddUMkabUj+rBevs8tZ2cULOx46E7oyX+04WGfABgIwmMC0VqieTiR4jg=="],

    "@img/sharp-linux-x64": ["@img/sharp-linux-x64@0.34.5", "", { "optionalDependencies": { "@img/sharp-libvips-linux-x64": "1.2.4" }, "os": "linux", "cpu": "x64" }, "sha512-MEzd8HPKxVxVenwAa+JRPwEC7QFjoPWuS5NZnBt6B3pu7EG2Ge0id1oLHZpPJdn3OQK+BQDiw9zStiHBTJQQQQ=="],

    "@img/sharp-linuxmusl-arm64": ["@img/sharp-linuxmusl-arm64@0.34.5", "", { "optionalDependencies": { "@img/sharp-libvips-linuxmusl-arm64": "1.2.4" }, "os": "linux", "cpu": "arm64" }, "sha512-fprJR6GtRsMt6Kyfq44IsChVZeGN97gTD331weR1ex1c1rypDEABN6Tm2xa1wE6lYb5DdEnk03NZPqA7Id21yg=="],

    "@img/sharp-linuxmusl-x64": ["@img/sharp-linuxmusl-x64@0.34.5", "", { "optionalDependencies": { "@img/sharp-libvips-linuxmusl-x64": "1.2.4" }, "os": "linux", "cpu": "x64" }, "sha512-Jg8wNT1MUzIvhBFxViqrEhWDGzqymo3sV7z7ZsaWbZNDLXRJZoRGrjulp60YYtV4wfY8VIKcWidjojlLcWrd8Q=="],

    "@img/sharp-wasm32": ["@img/sharp-wasm32@0.34.5", "", { "dependencies": { "@emnapi/runtime": "^1.7.0" }, "cpu": "none" }, "sha512-OdWTEiVkY2PHwqkbBI8frFxQQFekHaSSkUIJkwzclWZe64O1X4UlUjqqqLaPbUpMOQk6FBu/HtlGXNblIs0huw=="],

    "@img/sharp-win32-arm64": ["@img/sharp-win32-arm64@0.34.5", "", { "os": "win32", "cpu": "arm64" }, "sha512-WQ3AgWCWYSb2yt+IG8mnC6Jdk9Whs7O0gxphblsLvdhSpSTtmu69ZG1Gkb6NuvxsNACwiPV6cNSZNzt0KPsw7g=="],

    "@img/sharp-win32-ia32": ["@img/sharp-win32-ia32@0.34.5", "", { "os": "win32", "cpu": "ia32" }, "sha512-FV9m/7NmeCmSHDD5j4+4pNI8Cp3aW+JvLoXcTUo0IqyjSfAZJ8dIUmijx1qaJsIiU+Hosw6xM5KijAWRJCSgNg=="],

    "@img/sharp-win32-x64": ["@img/sharp-win32-x64@0.34.5", "", { "os": "win32", "cpu": "x64" }, "sha512-+29YMsqY2/9eFEiW93eqWnuLcWcufowXewwSNIT6UwZdUUCrM3oFjMWH/Z6/TMmb4hlFenmfAVbpWeup2jryCw=="],

    "@next/env": ["@next/env@15.5.21", "", {}, "sha512-hjJI/GfrjWHgNguRIBzItjRRu0m3Nrz17GhxsjuHfjIvg9hyg3239REd2dpI+bpMTFuVrVprHzEQ19m++cDtbw=="],

    "@next/swc-darwin-arm64": ["@next/swc-darwin-arm64@15.5.21", "", { "os": "darwin", "cpu": "arm64" }, "sha512-ZfjqPEdi6TRC/fWx7UDbwb1fbVgyh2uD5tVTRKIDZDlYM+UNuE/LafDG2fwuAoZilADpABh46OY/F5qf9JjqLQ=="],

    "@next/swc-darwin-x64": ["@next/swc-darwin-x64@15.5.21", "", { "os": "darwin", "cpu": "x64" }, "sha512-TlCf1NpxgQLzTrexuev75xwmNCJMd1/qkJpTVP1GRRcih93hlIBn1P72hkh8T0gnRFr6BmWksQtbyG3jT6jnww=="],

    "@next/swc-linux-arm64-gnu": ["@next/swc-linux-arm64-gnu@15.5.21", "", { "os": "linux", "cpu": "arm64" }, "sha512-LXRsq1p+HvHSi7ygwNcSEEcK0zuo5jS75ZlqFHtOH+LF7qntXAJVJxah+1Pi/GyBm7EpkwU7m4EgbvIKrMqm9A=="],

    "@next/swc-linux-arm64-musl": ["@next/swc-linux-arm64-musl@15.5.21", "", { "os": "linux", "cpu": "arm64" }, "sha512-hyGixhFxpDKjqoev6l4KlcRBlt9AXWrGhDZwmwg49sMJM5tnKQPSi+SEj9+e5n+l/bthRGZUdh59GKIs6lQPRw=="],

    "@next/swc-linux-x64-gnu": ["@next/swc-linux-x64-gnu@15.5.21", "", { "os": "linux", "cpu": "x64" }, "sha512-qfE+YfOba6S2+13e8qn1/UozDVNZ2clBlrs8UtDoax4s8ediu6sq93z66OEHUYlb69Tffh5JTNkgtsAKiSuugg=="],

    "@next/swc-linux-x64-musl": ["@next/swc-linux-x64-musl@15.5.21", "", { "os": "linux", "cpu": "x64" }, "sha512-BXLGG+EvIwp/Rrgl6HY8sqvD6BOUOIRz8/naDbeLNX7mlA5H2XRcL6MW/0IGnJISfj5BA9gNhFyJj5yOoiIDJQ=="],

    "@next/swc-win32-arm64-msvc": ["@next/swc-win32-arm64-msvc@15.5.21", "", { "os": "win32", "cpu": "arm64" }, "sha512-tNGNOlT0Wn7E4IMsSnufjXN/l2L2/AGdLLpa2vzS89SYCBuihgLn3ngLsIrvndAnWo9nAkus+4gZHTI/Ijx9HA=="],

    "@next/swc-win32-x64-msvc": ["@next/swc-win32-x64-msvc@15.5.21", "", { "os": "win32", "cpu": "x64" }, "sha512-DmIdWmC9p4rdNIiQqo8ap0+Cnj6kKtTZnuSCxoYydSc8sgpDgAg9wFhxplunak9imLV0pTvc5WVCOHwm5eHLtQ=="],

    "@sapphire/async-queue": ["@sapphire/async-queue@1.5.5", "", {}, "sha512-cvGzxbba6sav2zZkH8GPf2oGk9yYoD5qrNWdu9fRehifgnFZJMV+nuy2nON2roRO4yQQ+v7MK/Pktl/HgfsUXg=="],

    "@sapphire/shapeshift": ["@sapphire/shapeshift@4.0.0", "", { "dependencies": { "fast-deep-equal": "^3.1.3", "lodash": "^4.17.21" } }, "sha512-d9dUmWVA7MMiKobL3VpLF8P2aeanRTu6ypG2OIaEv/ZHH/SUQ2iHOVyi5wAPjQ+HmnMuL0whK9ez8I/raWbtIg=="],

    "@sapphire/snowflake": ["@sapphire/snowflake@3.5.5", "", {}, "sha512-xzvBr1Q1c4lCe7i6sRnrofxeO1QTP/LKQ6A6qy0iB4x5yfiSfARMEQEghojzTNALDTcv8En04qYNIco9/K9eZQ=="],

    "@swc/helpers": ["@swc/helpers@0.5.15", "", { "dependencies": { "tslib": "^2.8.0" } }, "sha512-JQ5TuMi45Owi4/BIMAJBoSQoOJu12oOk/gADqlcUL9JEdHB8vyjUSsxqeNXnmXHjYKMi2WcYtezGEEhqUI/E2g=="],

    "@types/node": ["@types/node@22.20.1", "", { "dependencies": { "undici-types": "~6.21.0" } }, "sha512-EANqOCF9QFyra+4pfxUcX9STKJpCLjMbObVzljIJomAWSnuSIEAvyzEU53GaajbXJEgdh0iEcPL+DGvpUd4k1Q=="],

    "@types/react": ["@types/react@19.2.17", "", { "dependencies": { "csstype": "^3.2.2" } }, "sha512-MXfmqaVPEVgkBT/aY0aGCkRWWtByiYQXo3xdQ8r5RzuFrPiRn8Gar2tQdXSUQ2GKV3bkXckek89V8wQBY2Q/Aw=="],

    "@types/ws": ["@types/ws@8.18.1", "", { "dependencies": { "@types/node": "*" } }, "sha512-ThVF6DCVhA8kUGy+aazFQ4kXQ7E1Ty7A3ypFOe0IcJV8O/M511G99AW24irKrW56Wt44yG9+ij8FaqoBGkuBXg=="],

    "@vladfrangu/async_event_emitter": ["@vladfrangu/async_event_emitter@2.4.7", "", {}, "sha512-Xfe6rpCTxSxfbswi/W/Pz7zp1WWSNn4A0eW4mLkQUewCrXXtMj31lCg+iQyTkh/CkusZSq9eDflu7tjEDXUY6g=="],

    "agent-base": ["agent-base@7.1.4", "", {}, "sha512-MnA+YT8fwfJPgBx3m60MNqakm30XOkyIoH1y6huTQvC0PwZG7ki8NacLBcrPbNoo8vEZy7Jpuk7+jMO+CUovTQ=="],

    "ansi-regex": ["ansi-regex@5.0.1", "", {}, "sha512-quJQXlTSUGL2LH9SUXo8VwsY4soanhgo6LNSm84E1LBcE8s3O0wpdiRzyR9z/ZZJMlMWv37qOOb9pdJlMUEKFQ=="],

    "ansi-styles": ["ansi-styles@4.3.0", "", { "dependencies": { "color-convert": "^2.0.1" } }, "sha512-zbB9rCJAT1rbjiVDb2hqKFHNYLxgtk8NURxZ3IZwD3F6NtxbXZQCnnSi1Lkx+IDohdPlFp222wVALIheZJQSEg=="],

    "bare-addon-resolve": ["bare-addon-resolve@1.10.1", "", { "dependencies": { "bare-module-resolve": "^1.10.0", "bare-semver": "^1.0.0" }, "peerDependencies": { "bare-url": "*" }, "optionalPeers": ["bare-url"] }, "sha512-F/SD2du8keuYSb4xipnGz5j2E6yhNdHA8ZVxtHae6h2uOrpBIjjbhXvjzKZbr5XUOzqBzh/i8GVFycj2DlFQIA=="],

    "bare-module-resolve": ["bare-module-resolve@1.12.4", "", { "dependencies": { "bare-semver": "^1.0.0" }, "peerDependencies": { "bare-url": "*" }, "optionalPeers": ["bare-url"] }, "sha512-xcfgg2u7HqgJiBmah71O9vvdFAgHCvkqC/WSC2O7Bbgosoc1eC/BWe/6IDJ4OsfKlkxuvC/TDWXC+oH5yeW8mA=="],

    "bare-semver": ["bare-semver@1.1.0", "", {}, "sha512-1Hw5qJ7hXdVt3uPUqjeFTuxyvBUJauvz5A1I2jk8gzjZMHp04n//6nV9MDbG9CMw78JHY2lGV0w6s//LrASm2w=="],

    "caniuse-lite": ["caniuse-lite@1.0.30001806", "", {}, "sha512-72Cuvd95zbSYPKq6Fhg8eDJRlzgWDf7/mtoZv6Qe/DYNCEBdNxoA3+rZAU2ZhGCpZlns3EssFavaZomckT5Uuw=="],

    "chalk": ["chalk@4.1.2", "", { "dependencies": { "ansi-styles": "^4.1.0", "supports-color": "^7.1.0" } }, "sha512-oKnbhFyRIXpUuez8iBMmyEa4nbj4IOQyuhc/wy9kY7/WVPcwIO9VA668Pu8RkO7+0G76SLROeyw9CpQ061i4mA=="],

    "client-only": ["client-only@0.0.1", "", {}, "sha512-IV3Ou0jSMzZrd3pZ48nLkT9DA7Ag1pnPzaiQhpW7c3RbcqqzvzzVu+L8gfqMp/8IM2MQtSiqaCxrrcfu8I8rMA=="],

    "cliui": ["cliui@8.0.1", "", { "dependencies": { "string-width": "^4.2.0", "strip-ansi": "^6.0.1", "wrap-ansi": "^7.0.0" } }, "sha512-BSeNnyus75C4//NQ9gQt1/csTXyo/8Sb+afLAkzAptFuMsod9HFokGNudZpi/oQV73hnVK+sR+5PVRMd+Dr7YQ=="],

    "color-convert": ["color-convert@2.0.1", "", { "dependencies": { "color-name": "~1.1.4" } }, "sha512-RRECPsj7iu/xb5oKYcsFHSppFNnsj/52OVTRKb4zP5onXwVF3zVmmToNcOfGC+CRDpfK/U584fMg38ZHCaElKQ=="],

    "color-name": ["color-name@1.1.4", "", {}, "sha512-dOy+3AuW3a2wNbZHIuMZpTcgjGuLU/uBL/ubcZF9OXbDo8ff4O8yVp5Bf0efS8uEoYo5q4Fx7dY9OgQGXgAsQA=="],

    "concurrently": ["concurrently@9.2.4", "", { "dependencies": { "chalk": "4.1.2", "rxjs": "7.8.2", "shell-quote": "1.9.0", "supports-color": "8.1.1", "tree-kill": "1.2.2", "yargs": "17.7.2" }, "bin": { "concurrently": "dist/bin/concurrently.js", "conc": "dist/bin/concurrently.js" } }, "sha512-TZ0CEhyzvFjgtAvHTusDMgj7wNdihCh7LLLrzdUOXIhdlnL2JBBGA9eJxR24rtqgmdjh3OA3hrN1rCHj6HM8qA=="],

    "csstype": ["csstype@3.2.3", "", {}, "sha512-z1HGKcYy2xA8AGQfwrn0PAy+PB7X/GSj3UVJW9qKyn43xWa+gl5nXmU4qqLMRzWVLFC8KusUX8T/0kCiOYpAIQ=="],

    "debug": ["debug@4.4.3", "", { "dependencies": { "ms": "^2.1.3" }, "peerDependencies": { "supports-color": "*" }, "optionalPeers": ["supports-color"] }, "sha512-RGwwWnwQvkVfavKVt22FGLw+xYSdzARwm0ru6DhTVA3umU5hZc28V3kO4stgYryrTlLpuvgI9GiijltAjNbcqA=="],

    "detect-libc": ["detect-libc@2.1.2", "", {}, "sha512-Btj2BOOO83o3WyH59e8MgXsxEQVcarkUOpEYrubB0urwnN10yQ364rsiByU11nZlqWYZm05i/of7io4mzihBtQ=="],

    "discord-api-types": ["discord-api-types@0.37.83", "", {}, "sha512-urGGYeWtWNYMKnYlZnOnDHm8fVRffQs3U0SpE8RHeiuLKb/u92APS8HoQnPTFbnXmY1vVnXjXO4dOxcAn3J+DA=="],

    "discord.js": ["discord.js@14.27.0", "", { "dependencies": { "@discordjs/builders": "^1.14.1", "@discordjs/collection": "1.5.3", "@discordjs/formatters": "^0.6.2", "@discordjs/rest": "^2.6.2", "@discordjs/util": "^1.2.0", "@discordjs/ws": "^1.2.3", "@sapphire/snowflake": "3.5.5", "discord-api-types": "^0.38.49", "fast-deep-equal": "3.1.3", "lodash.snakecase": "4.1.1", "magic-bytes.js": "^1.13.0", "tslib": "^2.6.3", "undici": "^6.27.0" } }, "sha512-qHbFlFG2N7y3LjPySYsL6A1+BnX6bkTVgo842EX0CqVPk/KTMwZkojPHEXKsQUpWZNyz5BISNHK1cPpQw0+m4A=="],

    "dotenv": ["dotenv@16.6.1", "", {}, "sha512-uBq4egWHTcTt33a72vpSG0z3HnPuIl6NqYcTrKEg2azoEyl2hpW0zqlxysq2pK9HlDIHyHyakeYaYnSAwd8bow=="],

    "emoji-regex": ["emoji-regex@8.0.0", "", {}, "sha512-MSjYzcWNOA0ewAHpz0MxpYFvwg6yjy1NG3xteoqz644VCo/RPgnr1/GGt+ic3iJTzQ8Eu3TdM14SawnVUmGE6A=="],

    "esbuild": ["esbuild@0.28.1", "", { "optionalDependencies": { "@esbuild/aix-ppc64": "0.28.1", "@esbuild/android-arm": "0.28.1", "@esbuild/android-arm64": "0.28.1", "@esbuild/android-x64": "0.28.1", "@esbuild/darwin-arm64": "0.28.1", "@esbuild/darwin-x64": "0.28.1", "@esbuild/freebsd-arm64": "0.28.1", "@esbuild/freebsd-x64": "0.28.1", "@esbuild/linux-arm": "0.28.1", "@esbuild/linux-arm64": "0.28.1", "@esbuild/linux-ia32": "0.28.1", "@esbuild/linux-loong64": "0.28.1", "@esbuild/linux-mips64el": "0.28.1", "@esbuild/linux-ppc64": "0.28.1", "@esbuild/linux-riscv64": "0.28.1", "@esbuild/linux-s390x": "0.28.1", "@esbuild/linux-x64": "0.28.1", "@esbuild/netbsd-arm64": "0.28.1", "@esbuild/netbsd-x64": "0.28.1", "@esbuild/openbsd-arm64": "0.28.1", "@esbuild/openbsd-x64": "0.28.1", "@esbuild/openharmony-arm64": "0.28.1", "@esbuild/sunos-x64": "0.28.1", "@esbuild/win32-arm64": "0.28.1", "@esbuild/win32-ia32": "0.28.1", "@esbuild/win32-x64": "0.28.1" }, "bin": { "esbuild": "bin/esbuild" } }, "sha512-HrJrvZv5ayxBzPfwphOoNzkzOIIlifzk0KJrGK2c8R4+LKpMtpYLQeUdjnwjWv/LZlkH2laZk+4w78pi99D4Vw=="],

    "escalade": ["escalade@3.2.0", "", {}, "sha512-WUj2qlxaQtO4g6Pq5c29GTcWGDyd8itL8zTlipgECz3JesAiiOKotd8JU6otB3PACgG6xkJUyVhboMS+bje/jA=="],

    "fast-deep-equal": ["fast-deep-equal@3.1.3", "", {}, "sha512-f3qQ9oQy9j2AhBe/H9VC91wLmKBCCU/gDOnKNAYG5hswO7BLKj09Hc5HYNz9cGI++xlpDCIgDaitVs03ATR84Q=="],

    "fsevents": ["fsevents@2.3.3", "", { "os": "darwin" }, "sha512-5xoDfX+fL7faATnagmWPpbFtwh/R77WmMMqqHGS65C3vvB0YHrgF+B1YmZ3441tMj5n63k0212XNoJwzlhffQw=="],

    "get-caller-file": ["get-caller-file@2.0.5", "", {}, "sha512-DyFP3BM/3YHTQOCUL/w0OZHR0lpKeGrxotcHWcqNEdnltqFwXVfhEBQ94eIo34AfQpo0rGki4cyIiftY06h2Fg=="],

    "has-flag": ["has-flag@4.0.0", "", {}, "sha512-EykJT/Q1KjTWctppgIAgfSO0tKVuZUjhgMr17kqTumMl6Afv3EISleU7qZUzoXDFTAHTDC4NOoG/ZxU3EvlMPQ=="],

    "https-proxy-agent": ["https-proxy-agent@7.0.6", "", { "dependencies": { "agent-base": "^7.1.2", "debug": "4" } }, "sha512-vK9P5/iUfdl95AI+JVyUuIcVtd4ofvtrOr3HNtM2yxC9bnMbEdp3x01OhQNnjb8IJYi38VlTE3mBXwcfvywuSw=="],

    "is-fullwidth-code-point": ["is-fullwidth-code-point@3.0.0", "", {}, "sha512-zymm5+u+sCsSWyD9qNaejV3DFvhCKclKdizYaJUuHA83RLjb7nSuGnddCHGv0hk+KY7BMAlsWeK4Ueg6EV6XQg=="],

    "lodash": ["lodash@4.18.1", "", {}, "sha512-dMInicTPVE8d1e5otfwmmjlxkZoUpiVLwyeTdUsi/Caj/gfzzblBcCE5sRHV/AsjuCmxWrte2TNGSYuCeCq+0Q=="],

    "lodash.snakecase": ["lodash.snakecase@4.1.1", "", {}, "sha512-QZ1d4xoBHYUeuouhEq3lk3Uq7ldgyFXGBhg04+oRLnIz8o9T65Eh+8YdroUwn846zchkA9yDsDl5CVVaV2nqYw=="],

    "magic-bytes.js": ["magic-bytes.js@1.13.0", "", {}, "sha512-afO2mnxW7GDTXMm5/AoN1WuOcdoKhtgXjIvHmobqTD1grNplhGdv3PFOyjCVmrnOZBIT/gD/koDKpYG+0mvHcg=="],

    "ms": ["ms@2.1.3", "", {}, "sha512-6FlzubTLZG3J2a/NVCAleEhjzq5oxgHyaCU9yYXvcLsvoVaHJq/s5xXI6/XXP6tz7R9xAOtHnSO/tXtF3WRTlA=="],

    "nanoid": ["nanoid@3.3.16", "", { "bin": { "nanoid": "bin/nanoid.cjs" } }, "sha512-bzlKTyNJ7+LdGIIwy8ijFpIqEQIvafahV7eYykJ8Cvh42EdJeODoJ6gUJXpQJvej1BddH8OqTXZNE/KfbWAu8Q=="],

    "next": ["next@15.5.21", "", { "dependencies": { "@next/env": "15.5.21", "@swc/helpers": "0.5.15", "caniuse-lite": "^1.0.30001579", "postcss": "8.4.31", "styled-jsx": "5.1.6" }, "optionalDependencies": { "@next/swc-darwin-arm64": "15.5.21", "@next/swc-darwin-x64": "15.5.21", "@next/swc-linux-arm64-gnu": "15.5.21", "@next/swc-linux-arm64-musl": "15.5.21", "@next/swc-linux-x64-gnu": "15.5.21", "@next/swc-linux-x64-musl": "15.5.21", "@next/swc-win32-arm64-msvc": "15.5.21", "@next/swc-win32-x64-msvc": "15.5.21", "sharp": "^0.34.3" }, "peerDependencies": { "@opentelemetry/api": "^1.1.0", "@playwright/test": "^1.51.1", "babel-plugin-react-compiler": "*", "react": "^18.2.0 || 19.0.0-rc-de68d2f4-20241204 || ^19.0.0", "react-dom": "^18.2.0 || 19.0.0-rc-de68d2f4-20241204 || ^19.0.0", "sass": "^1.3.0" }, "optionalPeers": ["@opentelemetry/api", "@playwright/test", "babel-plugin-react-compiler", "sass"], "bin": { "next": "dist/bin/next" } }, "sha512-/TsdBtkWLhkl+NVL3Uqws2UphNd6IPzOtzSk1fHaf+0P7GQKLZDUytyhns/Ykbzdy9+YRjwG7ONvrHaaTDdFqQ=="],

    "node-edge-tts": ["node-edge-tts@1.2.10", "", { "dependencies": { "https-proxy-agent": "^7.0.1", "ws": "^8.13.0", "yargs": "^17.7.2" }, "bin": { "node-edge-tts": "bin.js" } }, "sha512-bV2i4XU54D45+US0Zm1HcJRkifuB3W438dWyuJEHLQdKxnuqlI1kim2MOvR6Q3XUQZvfF9PoDyR1Rt7aeXhPdQ=="],

    "picocolors": ["picocolors@1.1.1", "", {}, "sha512-xceH2snhtb5M9liqDsmEw56le376mTZkEX/jEb/RxNFyegNul7eNslCXP9FDj/Lcu0X8KEyMceP2ntpaHrDEVA=="],

    "postcss": ["postcss@8.4.31", "", { "dependencies": { "nanoid": "^3.3.6", "picocolors": "^1.0.0", "source-map-js": "^1.0.2" } }, "sha512-PS08Iboia9mts/2ygV3eLpY5ghnUcfLV/EXTOW1E2qYxJKGGBUtNjN76FYHnMs36RmARn41bC0AZmn+rR0OVpQ=="],

    "prism-media": ["prism-media@1.3.5", "", { "peerDependencies": { "@discordjs/opus": ">=0.8.0 <1.0.0", "ffmpeg-static": "^5.0.2 || ^4.2.7 || ^3.0.0 || ^2.4.0", "node-opus": "^0.3.3", "opusscript": "^0.0.8" }, "optionalPeers": ["@discordjs/opus", "ffmpeg-static", "node-opus", "opusscript"] }, "sha512-IQdl0Q01m4LrkN1EGIE9lphov5Hy7WWlH6ulf5QdGePLlPas9p2mhgddTEHrlaXYjjFToM1/rWuwF37VF4taaA=="],

    "react": ["react@19.2.8", "", {}, "sha512-PWaYA1L/q9u2u7xYQi+Y3L3Yfnie7XyLeaJICV1MGD6LprsBxcAqGjYyr0eY3p+QdsA+x/Irkt4Qif8D63+Sbw=="],

    "react-dom": ["react-dom@19.2.8", "", { "dependencies": { "scheduler": "^0.27.0" }, "peerDependencies": { "react": "^19.2.8" } }, "sha512-rVprimfGBG3DR+Tq0IQG2DT5PxKth1WIGDmj5yPmlzr4YBe7uyE+Du4oVqTDXZSHGGGXRtTJEGSSePyQCMBglQ=="],

    "require-addon": ["require-addon@1.2.0", "", { "dependencies": { "bare-addon-resolve": "^1.3.0" } }, "sha512-VNPDZlYgIYQwWp9jMTzljx+k0ZtatKlcvOhktZ/anNPI3dQ9NXk7cq2U4iJ1wd9IrytRnYhyEocFWbkdPb+MYA=="],

    "require-directory": ["require-directory@2.1.1", "", {}, "sha512-fGxEI7+wsG9xrvdjsrlmL22OMTTiHRwAMroiEeMgq8gzoLC/PQr7RsRDSTLUg/bZAZtF+TVIkHc6/4RIKrui+Q=="],

    "rxjs": ["rxjs@7.8.2", "", { "dependencies": { "tslib": "^2.1.0" } }, "sha512-dhKf903U/PQZY6boNNtAGdWbG85WAbjT/1xYoZIC7FAY0yWapOBQVsVrDl58W86//e1VpMNBtRV4MaXfdMySFA=="],

    "scheduler": ["scheduler@0.27.0", "", {}, "sha512-eNv+WrVbKu1f3vbYJT/xtiF5syA5HPIMtf9IgY/nKg0sWqzAUEvqY/xm7OcZc/qafLx/iO9FgOmeSAp4v5ti/Q=="],

    "semver": ["semver@7.8.5", "", { "bin": { "semver": "bin/semver.js" } }, "sha512-Y7/KDsb8LjooZpwaqGyulO6DQlksgCncchHGk+sZIY4SBvUocMBEFH5Ur1fI4dV+Jvl0w6cjvucaIi40puRioA=="],

    "sharp": ["sharp@0.34.5", "", { "dependencies": { "@img/colour": "^1.0.0", "detect-libc": "^2.1.2", "semver": "^7.7.3" }, "optionalDependencies": { "@img/sharp-darwin-arm64": "0.34.5", "@img/sharp-darwin-x64": "0.34.5", "@img/sharp-libvips-darwin-arm64": "1.2.4", "@img/sharp-libvips-darwin-x64": "1.2.4", "@img/sharp-libvips-linux-arm": "1.2.4", "@img/sharp-libvips-linux-arm64": "1.2.4", "@img/sharp-libvips-linux-ppc64": "1.2.4", "@img/sharp-libvips-linux-riscv64": "1.2.4", "@img/sharp-libvips-linux-s390x": "1.2.4", "@img/sharp-libvips-linux-x64": "1.2.4", "@img/sharp-libvips-linuxmusl-arm64": "1.2.4", "@img/sharp-libvips-linuxmusl-x64": "1.2.4", "@img/sharp-linux-arm": "0.34.5", "@img/sharp-linux-arm64": "0.34.5", "@img/sharp-linux-ppc64": "0.34.5", "@img/sharp-linux-riscv64": "0.34.5", "@img/sharp-linux-s390x": "0.34.5", "@img/sharp-linux-x64": "0.34.5", "@img/sharp-linuxmusl-arm64": "0.34.5", "@img/sharp-linuxmusl-x64": "0.34.5", "@img/sharp-wasm32": "0.34.5", "@img/sharp-win32-arm64": "0.34.5", "@img/sharp-win32-ia32": "0.34.5", "@img/sharp-win32-x64": "0.34.5" } }, "sha512-Ou9I5Ft9WNcCbXrU9cMgPBcCK8LiwLqcbywW3t4oDV37n1pzpuNLsYiAV8eODnjbtQlSDwZ2cUEeQz4E54Hltg=="],

    "shell-quote": ["shell-quote@1.9.0", "", {}, "sha512-Iov+JwFv/2HcTpcwNMKd8+IWNb8tboQJNQTkAY/LLVK7gGH9jy+LGkVqPxfekHl+yMmiqXszdGWXgkfml7hjqA=="],

    "sodium-native": ["sodium-native@4.3.3", "", { "dependencies": { "require-addon": "^1.1.0" } }, "sha512-OnxSlN3uyY8D0EsLHpmm2HOFmKddQVvEMmsakCrXUzSd8kjjbzL413t4ZNF3n0UxSwNgwTyUvkmZHTfuCeiYSw=="],

    "source-map-js": ["source-map-js@1.2.1", "", {}, "sha512-UXWMKhLOwVKb728IUtQPXxfYU+usdybtUrK/8uGE8CQMvrhOpwvzDBwj0QhSL7MQc7vIsISBG8VQ8+IDQxpfQA=="],

    "string-width": ["string-width@4.2.3", "", { "dependencies": { "emoji-regex": "^8.0.0", "is-fullwidth-code-point": "^3.0.0", "strip-ansi": "^6.0.1" } }, "sha512-wKyQRQpjJ0sIp62ErSZdGsjMJWsap5oRNihHhu6G7JVO/9jIB6UyevL+tXuOqrng8j/cxKTWyWUwvSTriiZz/g=="],

    "strip-ansi": ["strip-ansi@6.0.1", "", { "dependencies": { "ansi-regex": "^5.0.1" } }, "sha512-Y38VPSHcqkFrCpFnQ9vuSXmquuv5oXOKpGeT6aGrr3o3Gc9AlVa6JBfUSOCnbxGGZF+/0ooI7KrPuUSztUdU5A=="],

    "styled-jsx": ["styled-jsx@5.1.6", "", { "dependencies": { "client-only": "0.0.1" }, "peerDependencies": { "@babel/core": "*", "babel-plugin-macros": "*", "react": ">= 16.8.0 || 17.x.x || ^18.0.0-0 || ^19.0.0-0" }, "optionalPeers": ["@babel/core", "babel-plugin-macros"] }, "sha512-qSVyDTeMotdvQYoHWLNGwRFJHC+i+ZvdBRYosOFgC+Wg1vx4frN2/RG/NA7SYqqvKNLf39P2LSRA2pu6n0XYZA=="],

    "supports-color": ["supports-color@8.1.1", "", { "dependencies": { "has-flag": "^4.0.0" } }, "sha512-MpUEN2OodtUzxvKQl72cUF7RQ5EiHsGvSsVG0ia9c5RbWGL2CI4C7EpPS8UTBIplnlzZiNuV56w+FuNxy3ty2Q=="],

    "tree-kill": ["tree-kill@1.2.2", "", { "bin": { "tree-kill": "cli.js" } }, "sha512-L0Orpi8qGpRG//Nd+H90vFB+3iHnue1zSSGmNOOCh1GLJ7rUKVwV2HvijphGQS2UmhUZewS9VgvxYIdgr+fG1A=="],

    "ts-mixer": ["ts-mixer@6.0.4", "", {}, "sha512-ufKpbmrugz5Aou4wcr5Wc1UUFWOLhq+Fm6qa6P0w0K5Qw2yhaUoiWszhCVuNQyNwrlGiscHOmqYoAox1PtvgjA=="],

    "tslib": ["tslib@2.8.1", "", {}, "sha512-oJFu94HQb+KVduSUQL7wnpmqnfmLsOA/nAh6b6EH0wCEoK0/mPeXU6c3wKDV83MkOuHPRHtSXKKU99IBazS/2w=="],

    "tsx": ["tsx@4.23.1", "", { "dependencies": { "esbuild": "~0.28.0" }, "optionalDependencies": { "fsevents": "~2.3.3" }, "bin": { "tsx": "dist/cli.mjs" } }, "sha512-GQHnkIfxyx1wYCOS/wonik5MVRZU9hi1TEZmzGZSCJB1y9YgoZ8H6itNE/u4suE+yLmOzuE4E5S4TZ/ZX2wcWQ=="],

    "typescript": ["typescript@5.9.3", "", { "bin": { "tsc": "bin/tsc", "tsserver": "bin/tsserver" } }, "sha512-jl1vZzPDinLr9eUt3J/t7V6FgNEw9QjvBPdysz9KfQDD41fQrC2Y4vKQdiaUpFT4bXlb1RHhLpp8wtm6M5TgSw=="],

    "undici": ["undici@6.27.0", "", {}, "sha512-YmfV3YnEDzXRC5lZ2jWtWWHKGUm1zIt8AhesR1tens+HTNv+YZlN/dp6G727LOvMJ8xjP9Be7Y2Sdr96LDm+pg=="],

    "undici-types": ["undici-types@6.21.0", "", {}, "sha512-iwDZqg0QAGrg9Rav5H4n0M64c3mkR59cJ6wQp+7C4nI0gsmExaedaYLNO44eT4AtBBwjbTiGPMlt2Md0T9H9JQ=="],

    "wrap-ansi": ["wrap-ansi@7.0.0", "", { "dependencies": { "ansi-styles": "^4.0.0", "string-width": "^4.1.0", "strip-ansi": "^6.0.0" } }, "sha512-YVGIj2kamLSTxw6NsZjoBxfSwsn0ycdesmc4p+Q21c5zPuZ1pl+NfxVdxPtdHvmNVOQ6XSYG4AUtyt/Fi7D16Q=="],

    "ws": ["ws@8.21.1", "", { "peerDependencies": { "bufferutil": "^4.0.1", "utf-8-validate": ">=5.0.2" }, "optionalPeers": ["bufferutil", "utf-8-validate"] }, "sha512-+0NTnW77fFN/DjQi6k/Sq/Yvk4Sgajw7urW8V+asjXnRgDs9gyGkdb7EzgfhA4goXsRIZKE28fzIXBHEzhuiWw=="],

    "y18n": ["y18n@5.0.8", "", {}, "sha512-0pfFzegeDWJHJIAmTLRP2DwHjdF5s7jo9tuztdQxAhINCdvS+3nGINqPd00AphqJR/0LhANUS6/+7SCb98YOfA=="],

    "yargs": ["yargs@17.7.2", "", { "dependencies": { "cliui": "^8.0.1", "escalade": "^3.1.1", "get-caller-file": "^2.0.5", "require-directory": "^2.1.1", "string-width": "^4.2.3", "y18n": "^5.0.5", "yargs-parser": "^21.1.1" } }, "sha512-7dSzzRQ++CKnNI/krKnYRV7JKKPUXMEh61soaHKg9mrWEhzFWhFnxPxGl+69cD1Ou63C13NUPCnmIcrvqCuM6w=="],

    "yargs-parser": ["yargs-parser@21.1.1", "", {}, "sha512-tVpsJW7DdjecAiFpbIB1e3qxIQsE6NoPc5/eTdrbbIC4h0LVsWhnoa3g+m2HclBIujHzsxZ4VJVA+GUuc2/LBw=="],

    "@discordjs/builders/discord-api-types": ["discord-api-types@0.38.50", "", {}, "sha512-J2n/bpIETX3DQ6AJ7/0xbsTLmYiJQtO/LKcXKC1YDbB56OUwtDbdXOFE8Q4g8jVGHBR2VAy1+D4ngaIgkMNV9w=="],

    "@discordjs/formatters/discord-api-types": ["discord-api-types@0.38.50", "", {}, "sha512-J2n/bpIETX3DQ6AJ7/0xbsTLmYiJQtO/LKcXKC1YDbB56OUwtDbdXOFE8Q4g8jVGHBR2VAy1+D4ngaIgkMNV9w=="],

    "@discordjs/rest/@discordjs/collection": ["@discordjs/collection@2.1.1", "", {}, "sha512-LiSusze9Tc7qF03sLCujF5iZp7K+vRNEDBZ86FT9aQAv3vxMLihUvKvpsCWiQ2DJq1tVckopKm1rxomgNUc9hg=="],

    "@discordjs/rest/discord-api-types": ["discord-api-types@0.38.50", "", {}, "sha512-J2n/bpIETX3DQ6AJ7/0xbsTLmYiJQtO/LKcXKC1YDbB56OUwtDbdXOFE8Q4g8jVGHBR2VAy1+D4ngaIgkMNV9w=="],

    "@discordjs/util/discord-api-types": ["discord-api-types@0.38.50", "", {}, "sha512-J2n/bpIETX3DQ6AJ7/0xbsTLmYiJQtO/LKcXKC1YDbB56OUwtDbdXOFE8Q4g8jVGHBR2VAy1+D4ngaIgkMNV9w=="],

    "@discordjs/ws/@discordjs/collection": ["@discordjs/collection@2.1.1", "", {}, "sha512-LiSusze9Tc7qF03sLCujF5iZp7K+vRNEDBZ86FT9aQAv3vxMLihUvKvpsCWiQ2DJq1tVckopKm1rxomgNUc9hg=="],

    "@discordjs/ws/discord-api-types": ["discord-api-types@0.38.50", "", {}, "sha512-J2n/bpIETX3DQ6AJ7/0xbsTLmYiJQtO/LKcXKC1YDbB56OUwtDbdXOFE8Q4g8jVGHBR2VAy1+D4ngaIgkMNV9w=="],

    "chalk/supports-color": ["supports-color@7.2.0", "", { "dependencies": { "has-flag": "^4.0.0" } }, "sha512-qpCAvRl9stuOHveKsn7HncJRvv501qIacKzQlO/+Lwxc9+0q2wLyv4Dfvt80/DPn2pqOBsJdDiogXGR9+OvwRw=="],

    "discord.js/discord-api-types": ["discord-api-types@0.38.50", "", {}, "sha512-J2n/bpIETX3DQ6AJ7/0xbsTLmYiJQtO/LKcXKC1YDbB56OUwtDbdXOFE8Q4g8jVGHBR2VAy1+D4ngaIgkMNV9w=="],

    "node-edge-tts/yargs": ["yargs@17.7.3", "", { "dependencies": { "cliui": "^8.0.1", "escalade": "^3.1.1", "get-caller-file": "^2.0.5", "require-directory": "^2.1.1", "string-width": "^4.2.3", "y18n": "^5.0.5", "yargs-parser": "^21.1.1" } }, "sha512-GZtjxm/J/4TSxuL3FNYjCmLktBTnIw/rVmKSIyKeYAZpmJB2ig9VauCC5xsa82GNKVKDAqpOn3KVzNt0zmrU0g=="],
  }
}
